# This file is generated by running "yarn install" inside your project.
# Manual changes might be lost - proceed with caution!

__metadata:
  version: 4
  cacheKey: 7

"btoa@npm:^1.2.1":
  version: 1.2.1
  resolution: "btoa@npm:1.2.1"
  bin:
    btoa: bin/btoa.js
  checksum: d8f863b356706f64d6f9f4ed30711b72b8e76e36dcd25ed14349829f0450a1a06ee8abb8006b1ff7461650933fd9347f0df095c0bacc9ab46c55e4857ce3db21
  languageName: node
  linkType: hard

"js-cookie@npm:^2.2.1":
  version: 2.2.1
  resolution: "js-cookie@npm:2.2.1"
  checksum: c110f78427cb7715f67c69df0b3430f7cf9dafb5ddb13014df171d4fb61ccda0b1caf9767412cde63cab4bad697a5d4ce83b0c2e7ec650ec9929ed70750d20ae
  languageName: node
  linkType: hard

"node-fetch@npm:^2.6.1":
  version: 2.6.1
  resolution: "node-fetch@npm:2.6.1"
  checksum: cbb171635e538162b977eac5dfe7a1e07a9a02e991924377a6435502291e2f823d306b95aabc455caebf4a118ccf836868462bc70ccc3095af02bb9da61fda37
  languageName: node
  linkType: hard

"prettier@npm:^2.3.0":
  version: 2.3.0
  resolution: "prettier@npm:2.3.0"
  bin:
    prettier: bin-prettier.js
  checksum: 652640cc8b71bc5277cfb8bf6f161783ca588efcf683c3d630837b39da8d57fef35c9e00ae5855a8e3c75136c42274046c913cc2b2d2968558315f31c6a26981
  languageName: node
  linkType: hard

"wts@workspace:.":
  version: 0.0.0-use.local
  resolution: "wts@workspace:."
  dependencies:
    btoa: ^1.2.1
    js-cookie: ^2.2.1
    node-fetch: ^2.6.1
    prettier: ^2.3.0
  languageName: unknown
  linkType: soft
