# This file is generated by running "yarn install" inside your project.
# Manual changes might be lost - proceed with caution!

__metadata:
  version: 4
  cacheKey: 7

"btoa@npm:^1.2.1":
  version: 1.2.1
  resolution: "btoa@npm:1.2.1"
  bin:
    btoa: bin/btoa.js
  checksum: d8f863b356706f64d6f9f4ed30711b72b8e76e36dcd25ed14349829f0450a1a06ee8abb8006b1ff7461650933fd9347f0df095c0bacc9ab46c55e4857ce3db21
  languageName: node
  linkType: hard

"js-cookie@npm:^2.2.1":
  version: 2.2.1
  resolution: "js-cookie@npm:2.2.1"
  checksum: c110f78427cb7715f67c69df0b3430f7cf9dafb5ddb13014df171d4fb61ccda0b1caf9767412cde63cab4bad697a5d4ce83b0c2e7ec650ec9929ed70750d20ae
  languageName: node
  linkType: hard

"prettier@npm:^2.8.8":
  version: 2.8.8
  resolution: "prettier@npm:2.8.8"
  bin:
    prettier: bin-prettier.js
  checksum: a2afc2fea5326d1e3667e385652f4f82ebb3467a79fd893ad237e683a65ad865ecf108658cfc296cc1224ce5862340417a4eddea2174917d3b4bc732e3e83501
  languageName: node
  linkType: hard

"wts-client@workspace:.":
  version: 0.0.0-use.local
  resolution: "wts-client@workspace:."
  dependencies:
    btoa: ^1.2.1
    js-cookie: ^2.2.1
    prettier: ^2.8.8
  languageName: unknown
  linkType: soft
